
Microsoft Visual Studio Solution File, Format Version 12.00
# Visual Studio Version 16
VisualStudioVersion = 16.0.30517.126
MinimumVisualStudioVersion = 10.0.40219.1
Project("{9A19103F-16F7-4668-BE54-9A1E7A4F7556}") = "WebApp", "WebApp\WebApp.csproj", "{8E446FB5-45BD-4DA0-A5EE-909234A9C952}"
EndProject
Project("{2150E333-8FDC-42A3-9474-1A3956D46DE8}") = "Tests", "Tests", "{EF7F9985-442F-4235-9E8A-5FA351DCA1D6}"
EndProject
Project("{FAE04EC0-301F-11D3-BF4B-00C04F79EFBC}") = "XUnitTest_InMemoryDbContext", "XUnitTest_InMemoryDbContext\XUnitTest_InMemoryDbContext.csproj", "{48283335-F5E8-4FC9-9383-CCB0854EA449}"
EndProject
Global
	GlobalSection(SolutionConfigurationPlatforms) = preSolution
		Debug|Any CPU = Debug|Any CPU
		Release|Any CPU = Release|Any CPU
	EndGlobalSection
	GlobalSection(ProjectConfigurationPlatforms) = postSolution
		{8E446FB5-45BD-4DA0-A5EE-909234A9C952}.Debug|Any CPU.ActiveCfg = Debug|Any CPU
		{8E446FB5-45BD-4DA0-A5EE-909234A9C952}.Debug|Any CPU.Build.0 = Debug|Any CPU
		{8E446FB5-45BD-4DA0-A5EE-909234A9C952}.Release|Any CPU.ActiveCfg = Release|Any CPU
		{8E446FB5-45BD-4DA0-A5EE-909234A9C952}.Release|Any CPU.Build.0 = Release|Any CPU
		{48283335-F5E8-4FC9-9383-CCB0854EA449}.Debug|Any CPU.ActiveCfg = Debug|Any CPU
		{48283335-F5E8-4FC9-9383-CCB0854EA449}.Debug|Any CPU.Build.0 = Debug|Any CPU
		{48283335-F5E8-4FC9-9383-CCB0854EA449}.Release|Any CPU.ActiveCfg = Release|Any CPU
		{48283335-F5E8-4FC9-9383-CCB0854EA449}.Release|Any CPU.Build.0 = Release|Any CPU
	EndGlobalSection
	GlobalSection(SolutionProperties) = preSolution
		HideSolutionNode = FALSE
	EndGlobalSection
	GlobalSection(NestedProjects) = preSolution
		{48283335-F5E8-4FC9-9383-CCB0854EA449} = {EF7F9985-442F-4235-9E8A-5FA351DCA1D6}
	EndGlobalSection
	GlobalSection(ExtensibilityGlobals) = postSolution
		SolutionGuid = {9D117CF7-6213-4A59-986E-AEFA6995E0C3}
	EndGlobalSection
EndGlobal
